
Microsoft Visual Studio Solution File, Format Version 12.00
# Visual Studio 15
VisualStudioVersion = 15.0.28010.2003
MinimumVisualStudioVersion = 10.0.40219.1
Project("{9A19103F-16F7-4668-BE54-9A1E7A4F7556}") = "StrangeGt.ForzaMotorsport.Cli", "StrangeGt.ForzaMotorsport.Cli\StrangeGt.ForzaMotorsport.Cli.csproj", "{17B84996-506B-48FC-AC94-F939DB4FF891}"
EndProject
Project("{9A19103F-16F7-4668-BE54-9A1E7A4F7556}") = "StrangeGt.ForzaMotorsport.Listener", "StrangeGt.ForzaMotorsport.Listener\StrangeGt.ForzaMotorsport.Listener.csproj", "{29E42BF0-7A16-4611-BAD7-30593E6598C6}"
EndProject
Project("{9A19103F-16F7-4668-BE54-9A1E7A4F7556}") = "StrangeGt.ForzaMotorsport.Data", "StrangeGt.ForzaMotorsport.Data\StrangeGt.ForzaMotorsport.Data.csproj", "{3CDC49B1-D44F-4788-9DBF-F63D6D43EF39}"
EndProject
Project("{2150E333-8FDC-42A3-9474-1A3956D46DE8}") = "Solution Items", "Solution Items", "{064C9BF8-6040-4621-95D8-834463174344}"
	ProjectSection(SolutionItems) = preProject
		README.md = README.md
	EndProjectSection
EndProject
Project("{FAE04EC0-301F-11D3-BF4B-00C04F79EFBC}") = "StrangeGt.ForzaMotorsport.App.Android", "StrangeGt.ForzaMotorsport.App.Android\StrangeGt.ForzaMotorsport.App.Android.csproj", "{AAC54642-2990-4EA3-ADAF-F5F7B20E56E9}"
EndProject
Project("{FAE04EC0-301F-11D3-BF4B-00C04F79EFBC}") = "StrangeGt.ForzaMotorsport.App.iOS", "StrangeGt.ForzaMotorsport.App.iOS\StrangeGt.ForzaMotorsport.App.iOS.csproj", "{4E3CE2C5-65AD-48D7-85B5-F69A9FD93DB1}"
EndProject
Project("{FAE04EC0-301F-11D3-BF4B-00C04F79EFBC}") = "StrangeGt.ForzaMotorsport.App.UWP", "StrangeGt.ForzaMotorsport.App.UWP\StrangeGt.ForzaMotorsport.App.UWP.csproj", "{B5D88880-B583-4B47-9015-7DC4078D4C5C}"
EndProject
Project("{FAE04EC0-301F-11D3-BF4B-00C04F79EFBC}") = "StrangeGt.ForzaMotorsport.App", "StrangeGt.ForzaMotorsport.App\StrangeGt.ForzaMotorsport.App.csproj", "{0D6FB529-F7B2-433A-B7CC-956F28E77773}"
EndProject
Global
	GlobalSection(SolutionConfigurationPlatforms) = preSolution
		Ad-Hoc|Any CPU = Ad-Hoc|Any CPU
		Ad-Hoc|ARM = Ad-Hoc|ARM
		Ad-Hoc|iPhone = Ad-Hoc|iPhone
		Ad-Hoc|iPhoneSimulator = Ad-Hoc|iPhoneSimulator
		Ad-Hoc|x64 = Ad-Hoc|x64
		Ad-Hoc|x86 = Ad-Hoc|x86
		AppStore|Any CPU = AppStore|Any CPU
		AppStore|ARM = AppStore|ARM
		AppStore|iPhone = AppStore|iPhone
		AppStore|iPhoneSimulator = AppStore|iPhoneSimulator
		AppStore|x64 = AppStore|x64
		AppStore|x86 = AppStore|x86
		Debug|Any CPU = Debug|Any CPU
		Debug|ARM = Debug|ARM
		Debug|iPhone = Debug|iPhone
		Debug|iPhoneSimulator = Debug|iPhoneSimulator
		Debug|x64 = Debug|x64
		Debug|x86 = Debug|x86
		Release|Any CPU = Release|Any CPU
		Release|ARM = Release|ARM
		Release|iPhone = Release|iPhone
		Release|iPhoneSimulator = Release|iPhoneSimulator
		Release|x64 = Release|x64
		Release|x86 = Release|x86
	EndGlobalSection
	GlobalSection(ProjectConfigurationPlatforms) = postSolution
		{17B84996-506B-48FC-AC94-F939DB4FF891}.Ad-Hoc|Any CPU.ActiveCfg = Release|Any CPU
		{17B84996-506B-48FC-AC94-F939DB4FF891}.Ad-Hoc|Any CPU.Build.0 = Release|Any CPU
		{17B84996-506B-48FC-AC94-F939DB4FF891}.Ad-Hoc|ARM.ActiveCfg = Release|Any CPU
		{17B84996-506B-48FC-AC94-F939DB4FF891}.Ad-Hoc|ARM.Build.0 = Release|Any CPU
		{17B84996-506B-48FC-AC94-F939DB4FF891}.Ad-Hoc|iPhone.ActiveCfg = Release|Any CPU
		{17B84996-506B-48FC-AC94-F939DB4FF891}.Ad-Hoc|iPhone.Build.0 = Release|Any CPU
		{17B84996-506B-48FC-AC94-F939DB4FF891}.Ad-Hoc|iPhoneSimulator.ActiveCfg = Release|Any CPU
		{17B84996-506B-48FC-AC94-F939DB4FF891}.Ad-Hoc|iPhoneSimulator.Build.0 = Release|Any CPU
		{17B84996-506B-48FC-AC94-F939DB4FF891}.Ad-Hoc|x64.ActiveCfg = Release|Any CPU
		{17B84996-506B-48FC-AC94-F939DB4FF891}.Ad-Hoc|x64.Build.0 = Release|Any CPU
		{17B84996-506B-48FC-AC94-F939DB4FF891}.Ad-Hoc|x86.ActiveCfg = Release|Any CPU
		{17B84996-506B-48FC-AC94-F939DB4FF891}.Ad-Hoc|x86.Build.0 = Release|Any CPU
		{17B84996-506B-48FC-AC94-F939DB4FF891}.AppStore|Any CPU.ActiveCfg = Release|Any CPU
		{17B84996-506B-48FC-AC94-F939DB4FF891}.AppStore|Any CPU.Build.0 = Release|Any CPU
		{17B84996-506B-48FC-AC94-F939DB4FF891}.AppStore|ARM.ActiveCfg = Release|Any CPU
		{17B84996-506B-48FC-AC94-F939DB4FF891}.AppStore|ARM.Build.0 = Release|Any CPU
		{17B84996-506B-48FC-AC94-F939DB4FF891}.AppStore|iPhone.ActiveCfg = Release|Any CPU
		{17B84996-506B-48FC-AC94-F939DB4FF891}.AppStore|iPhone.Build.0 = Release|Any CPU
		{17B84996-506B-48FC-AC94-F939DB4FF891}.AppStore|iPhoneSimulator.ActiveCfg = Release|Any CPU
		{17B84996-506B-48FC-AC94-F939DB4FF891}.AppStore|iPhoneSimulator.Build.0 = Release|Any CPU
		{17B84996-506B-48FC-AC94-F939DB4FF891}.AppStore|x64.ActiveCfg = Release|Any CPU
		{17B84996-506B-48FC-AC94-F939DB4FF891}.AppStore|x64.Build.0 = Release|Any CPU
		{17B84996-506B-48FC-AC94-F939DB4FF891}.AppStore|x86.ActiveCfg = Release|Any CPU
		{17B84996-506B-48FC-AC94-F939DB4FF891}.AppStore|x86.Build.0 = Release|Any CPU
		{17B84996-506B-48FC-AC94-F939DB4FF891}.Debug|Any CPU.ActiveCfg = Debug|Any CPU
		{17B84996-506B-48FC-AC94-F939DB4FF891}.Debug|Any CPU.Build.0 = Debug|Any CPU
		{17B84996-506B-48FC-AC94-F939DB4FF891}.Debug|ARM.ActiveCfg = Debug|Any CPU
		{17B84996-506B-48FC-AC94-F939DB4FF891}.Debug|ARM.Build.0 = Debug|Any CPU
		{17B84996-506B-48FC-AC94-F939DB4FF891}.Debug|iPhone.ActiveCfg = Debug|Any CPU
		{17B84996-506B-48FC-AC94-F939DB4FF891}.Debug|iPhone.Build.0 = Debug|Any CPU
		{17B84996-506B-48FC-AC94-F939DB4FF891}.Debug|iPhoneSimulator.ActiveCfg = Debug|Any CPU
		{17B84996-506B-48FC-AC94-F939DB4FF891}.Debug|iPhoneSimulator.Build.0 = Debug|Any CPU
		{17B84996-506B-48FC-AC94-F939DB4FF891}.Debug|x64.ActiveCfg = Debug|Any CPU
		{17B84996-506B-48FC-AC94-F939DB4FF891}.Debug|x64.Build.0 = Debug|Any CPU
		{17B84996-506B-48FC-AC94-F939DB4FF891}.Debug|x86.ActiveCfg = Debug|Any CPU
		{17B84996-506B-48FC-AC94-F939DB4FF891}.Debug|x86.Build.0 = Debug|Any CPU
		{17B84996-506B-48FC-AC94-F939DB4FF891}.Release|Any CPU.ActiveCfg = Release|Any CPU
		{17B84996-506B-48FC-AC94-F939DB4FF891}.Release|Any CPU.Build.0 = Release|Any CPU
		{17B84996-506B-48FC-AC94-F939DB4FF891}.Release|ARM.ActiveCfg = Release|Any CPU
		{17B84996-506B-48FC-AC94-F939DB4FF891}.Release|ARM.Build.0 = Release|Any CPU
		{17B84996-506B-48FC-AC94-F939DB4FF891}.Release|iPhone.ActiveCfg = Release|Any CPU
		{17B84996-506B-48FC-AC94-F939DB4FF891}.Release|iPhone.Build.0 = Release|Any CPU
		{17B84996-506B-48FC-AC94-F939DB4FF891}.Release|iPhoneSimulator.ActiveCfg = Release|Any CPU
		{17B84996-506B-48FC-AC94-F939DB4FF891}.Release|iPhoneSimulator.Build.0 = Release|Any CPU
		{17B84996-506B-48FC-AC94-F939DB4FF891}.Release|x64.ActiveCfg = Release|Any CPU
		{17B84996-506B-48FC-AC94-F939DB4FF891}.Release|x64.Build.0 = Release|Any CPU
		{17B84996-506B-48FC-AC94-F939DB4FF891}.Release|x86.ActiveCfg = Release|Any CPU
		{17B84996-506B-48FC-AC94-F939DB4FF891}.Release|x86.Build.0 = Release|Any CPU
		{29E42BF0-7A16-4611-BAD7-30593E6598C6}.Ad-Hoc|Any CPU.ActiveCfg = Release|Any CPU
		{29E42BF0-7A16-4611-BAD7-30593E6598C6}.Ad-Hoc|Any CPU.Build.0 = Release|Any CPU
		{29E42BF0-7A16-4611-BAD7-30593E6598C6}.Ad-Hoc|ARM.ActiveCfg = Release|Any CPU
		{29E42BF0-7A16-4611-BAD7-30593E6598C6}.Ad-Hoc|ARM.Build.0 = Release|Any CPU
		{29E42BF0-7A16-4611-BAD7-30593E6598C6}.Ad-Hoc|iPhone.ActiveCfg = Release|Any CPU
		{29E42BF0-7A16-4611-BAD7-30593E6598C6}.Ad-Hoc|iPhone.Build.0 = Release|Any CPU
		{29E42BF0-7A16-4611-BAD7-30593E6598C6}.Ad-Hoc|iPhoneSimulator.ActiveCfg = Release|Any CPU
		{29E42BF0-7A16-4611-BAD7-30593E6598C6}.Ad-Hoc|iPhoneSimulator.Build.0 = Release|Any CPU
		{29E42BF0-7A16-4611-BAD7-30593E6598C6}.Ad-Hoc|x64.ActiveCfg = Release|Any CPU
		{29E42BF0-7A16-4611-BAD7-30593E6598C6}.Ad-Hoc|x64.Build.0 = Release|Any CPU
		{29E42BF0-7A16-4611-BAD7-30593E6598C6}.Ad-Hoc|x86.ActiveCfg = Release|Any CPU
		{29E42BF0-7A16-4611-BAD7-30593E6598C6}.Ad-Hoc|x86.Build.0 = Release|Any CPU
		{29E42BF0-7A16-4611-BAD7-30593E6598C6}.AppStore|Any CPU.ActiveCfg = Release|Any CPU
		{29E42BF0-7A16-4611-BAD7-30593E6598C6}.AppStore|Any CPU.Build.0 = Release|Any CPU
		{29E42BF0-7A16-4611-BAD7-30593E6598C6}.AppStore|ARM.ActiveCfg = Release|Any CPU
		{29E42BF0-7A16-4611-BAD7-30593E6598C6}.AppStore|ARM.Build.0 = Release|Any CPU
		{29E42BF0-7A16-4611-BAD7-30593E6598C6}.AppStore|iPhone.ActiveCfg = Release|Any CPU
		{29E42BF0-7A16-4611-BAD7-30593E6598C6}.AppStore|iPhone.Build.0 = Release|Any CPU
		{29E42BF0-7A16-4611-BAD7-30593E6598C6}.AppStore|iPhoneSimulator.ActiveCfg = Release|Any CPU
		{29E42BF0-7A16-4611-BAD7-30593E6598C6}.AppStore|iPhoneSimulator.Build.0 = Release|Any CPU
		{29E42BF0-7A16-4611-BAD7-30593E6598C6}.AppStore|x64.ActiveCfg = Release|Any CPU
		{29E42BF0-7A16-4611-BAD7-30593E6598C6}.AppStore|x64.Build.0 = Release|Any CPU
		{29E42BF0-7A16-4611-BAD7-30593E6598C6}.AppStore|x86.ActiveCfg = Release|Any CPU
		{29E42BF0-7A16-4611-BAD7-30593E6598C6}.AppStore|x86.Build.0 = Release|Any CPU
		{29E42BF0-7A16-4611-BAD7-30593E6598C6}.Debug|Any CPU.ActiveCfg = Debug|Any CPU
		{29E42BF0-7A16-4611-BAD7-30593E6598C6}.Debug|Any CPU.Build.0 = Debug|Any CPU
		{29E42BF0-7A16-4611-BAD7-30593E6598C6}.Debug|ARM.ActiveCfg = Debug|Any CPU
		{29E42BF0-7A16-4611-BAD7-30593E6598C6}.Debug|ARM.Build.0 = Debug|Any CPU
		{29E42BF0-7A16-4611-BAD7-30593E6598C6}.Debug|iPhone.ActiveCfg = Debug|Any CPU
		{29E42BF0-7A16-4611-BAD7-30593E6598C6}.Debug|iPhone.Build.0 = Debug|Any CPU
		{29E42BF0-7A16-4611-BAD7-30593E6598C6}.Debug|iPhoneSimulator.ActiveCfg = Debug|Any CPU
		{29E42BF0-7A16-4611-BAD7-30593E6598C6}.Debug|iPhoneSimulator.Build.0 = Debug|Any CPU
		{29E42BF0-7A16-4611-BAD7-30593E6598C6}.Debug|x64.ActiveCfg = Debug|Any CPU
		{29E42BF0-7A16-4611-BAD7-30593E6598C6}.Debug|x64.Build.0 = Debug|Any CPU
		{29E42BF0-7A16-4611-BAD7-30593E6598C6}.Debug|x86.ActiveCfg = Debug|Any CPU
		{29E42BF0-7A16-4611-BAD7-30593E6598C6}.Debug|x86.Build.0 = Debug|Any CPU
		{29E42BF0-7A16-4611-BAD7-30593E6598C6}.Release|Any CPU.ActiveCfg = Release|Any CPU
		{29E42BF0-7A16-4611-BAD7-30593E6598C6}.Release|Any CPU.Build.0 = Release|Any CPU
		{29E42BF0-7A16-4611-BAD7-30593E6598C6}.Release|ARM.ActiveCfg = Release|Any CPU
		{29E42BF0-7A16-4611-BAD7-30593E6598C6}.Release|ARM.Build.0 = Release|Any CPU
		{29E42BF0-7A16-4611-BAD7-30593E6598C6}.Release|iPhone.ActiveCfg = Release|Any CPU
		{29E42BF0-7A16-4611-BAD7-30593E6598C6}.Release|iPhone.Build.0 = Release|Any CPU
		{29E42BF0-7A16-4611-BAD7-30593E6598C6}.Release|iPhoneSimulator.ActiveCfg = Release|Any CPU
		{29E42BF0-7A16-4611-BAD7-30593E6598C6}.Release|iPhoneSimulator.Build.0 = Release|Any CPU
		{29E42BF0-7A16-4611-BAD7-30593E6598C6}.Release|x64.ActiveCfg = Release|Any CPU
		{29E42BF0-7A16-4611-BAD7-30593E6598C6}.Release|x64.Build.0 = Release|Any CPU
		{29E42BF0-7A16-4611-BAD7-30593E6598C6}.Release|x86.ActiveCfg = Release|Any CPU
		{29E42BF0-7A16-4611-BAD7-30593E6598C6}.Release|x86.Build.0 = Release|Any CPU
		{3CDC49B1-D44F-4788-9DBF-F63D6D43EF39}.Ad-Hoc|Any CPU.ActiveCfg = Release|Any CPU
		{3CDC49B1-D44F-4788-9DBF-F63D6D43EF39}.Ad-Hoc|Any CPU.Build.0 = Release|Any CPU
		{3CDC49B1-D44F-4788-9DBF-F63D6D43EF39}.Ad-Hoc|ARM.ActiveCfg = Release|Any CPU
		{3CDC49B1-D44F-4788-9DBF-F63D6D43EF39}.Ad-Hoc|ARM.Build.0 = Release|Any CPU
		{3CDC49B1-D44F-4788-9DBF-F63D6D43EF39}.Ad-Hoc|iPhone.ActiveCfg = Release|Any CPU
		{3CDC49B1-D44F-4788-9DBF-F63D6D43EF39}.Ad-Hoc|iPhone.Build.0 = Release|Any CPU
		{3CDC49B1-D44F-4788-9DBF-F63D6D43EF39}.Ad-Hoc|iPhoneSimulator.ActiveCfg = Release|Any CPU
		{3CDC49B1-D44F-4788-9DBF-F63D6D43EF39}.Ad-Hoc|iPhoneSimulator.Build.0 = Release|Any CPU
		{3CDC49B1-D44F-4788-9DBF-F63D6D43EF39}.Ad-Hoc|x64.ActiveCfg = Release|Any CPU
		{3CDC49B1-D44F-4788-9DBF-F63D6D43EF39}.Ad-Hoc|x64.Build.0 = Release|Any CPU
		{3CDC49B1-D44F-4788-9DBF-F63D6D43EF39}.Ad-Hoc|x86.ActiveCfg = Release|Any CPU
		{3CDC49B1-D44F-4788-9DBF-F63D6D43EF39}.Ad-Hoc|x86.Build.0 = Release|Any CPU
		{3CDC49B1-D44F-4788-9DBF-F63D6D43EF39}.AppStore|Any CPU.ActiveCfg = Release|Any CPU
		{3CDC49B1-D44F-4788-9DBF-F63D6D43EF39}.AppStore|Any CPU.Build.0 = Release|Any CPU
		{3CDC49B1-D44F-4788-9DBF-F63D6D43EF39}.AppStore|ARM.ActiveCfg = Release|Any CPU
		{3CDC49B1-D44F-4788-9DBF-F63D6D43EF39}.AppStore|ARM.Build.0 = Release|Any CPU
		{3CDC49B1-D44F-4788-9DBF-F63D6D43EF39}.AppStore|iPhone.ActiveCfg = Release|Any CPU
		{3CDC49B1-D44F-4788-9DBF-F63D6D43EF39}.AppStore|iPhone.Build.0 = Release|Any CPU
		{3CDC49B1-D44F-4788-9DBF-F63D6D43EF39}.AppStore|iPhoneSimulator.ActiveCfg = Release|Any CPU
		{3CDC49B1-D44F-4788-9DBF-F63D6D43EF39}.AppStore|iPhoneSimulator.Build.0 = Release|Any CPU
		{3CDC49B1-D44F-4788-9DBF-F63D6D43EF39}.AppStore|x64.ActiveCfg = Release|Any CPU
		{3CDC49B1-D44F-4788-9DBF-F63D6D43EF39}.AppStore|x64.Build.0 = Release|Any CPU
		{3CDC49B1-D44F-4788-9DBF-F63D6D43EF39}.AppStore|x86.ActiveCfg = Release|Any CPU
		{3CDC49B1-D44F-4788-9DBF-F63D6D43EF39}.AppStore|x86.Build.0 = Release|Any CPU
		{3CDC49B1-D44F-4788-9DBF-F63D6D43EF39}.Debug|Any CPU.ActiveCfg = Debug|Any CPU
		{3CDC49B1-D44F-4788-9DBF-F63D6D43EF39}.Debug|Any CPU.Build.0 = Debug|Any CPU
		{3CDC49B1-D44F-4788-9DBF-F63D6D43EF39}.Debug|ARM.ActiveCfg = Debug|Any CPU
		{3CDC49B1-D44F-4788-9DBF-F63D6D43EF39}.Debug|ARM.Build.0 = Debug|Any CPU
		{3CDC49B1-D44F-4788-9DBF-F63D6D43EF39}.Debug|iPhone.ActiveCfg = Debug|Any CPU
		{3CDC49B1-D44F-4788-9DBF-F63D6D43EF39}.Debug|iPhone.Build.0 = Debug|Any CPU
		{3CDC49B1-D44F-4788-9DBF-F63D6D43EF39}.Debug|iPhoneSimulator.ActiveCfg = Debug|Any CPU
		{3CDC49B1-D44F-4788-9DBF-F63D6D43EF39}.Debug|iPhoneSimulator.Build.0 = Debug|Any CPU
		{3CDC49B1-D44F-4788-9DBF-F63D6D43EF39}.Debug|x64.ActiveCfg = Debug|Any CPU
		{3CDC49B1-D44F-4788-9DBF-F63D6D43EF39}.Debug|x64.Build.0 = Debug|Any CPU
		{3CDC49B1-D44F-4788-9DBF-F63D6D43EF39}.Debug|x86.ActiveCfg = Debug|Any CPU
		{3CDC49B1-D44F-4788-9DBF-F63D6D43EF39}.Debug|x86.Build.0 = Debug|Any CPU
		{3CDC49B1-D44F-4788-9DBF-F63D6D43EF39}.Release|Any CPU.ActiveCfg = Release|Any CPU
		{3CDC49B1-D44F-4788-9DBF-F63D6D43EF39}.Release|Any CPU.Build.0 = Release|Any CPU
		{3CDC49B1-D44F-4788-9DBF-F63D6D43EF39}.Release|ARM.ActiveCfg = Release|Any CPU
		{3CDC49B1-D44F-4788-9DBF-F63D6D43EF39}.Release|ARM.Build.0 = Release|Any CPU
		{3CDC49B1-D44F-4788-9DBF-F63D6D43EF39}.Release|iPhone.ActiveCfg = Release|Any CPU
		{3CDC49B1-D44F-4788-9DBF-F63D6D43EF39}.Release|iPhone.Build.0 = Release|Any CPU
		{3CDC49B1-D44F-4788-9DBF-F63D6D43EF39}.Release|iPhoneSimulator.ActiveCfg = Release|Any CPU
		{3CDC49B1-D44F-4788-9DBF-F63D6D43EF39}.Release|iPhoneSimulator.Build.0 = Release|Any CPU
		{3CDC49B1-D44F-4788-9DBF-F63D6D43EF39}.Release|x64.ActiveCfg = Release|Any CPU
		{3CDC49B1-D44F-4788-9DBF-F63D6D43EF39}.Release|x64.Build.0 = Release|Any CPU
		{3CDC49B1-D44F-4788-9DBF-F63D6D43EF39}.Release|x86.ActiveCfg = Release|Any CPU
		{3CDC49B1-D44F-4788-9DBF-F63D6D43EF39}.Release|x86.Build.0 = Release|Any CPU
		{AAC54642-2990-4EA3-ADAF-F5F7B20E56E9}.Ad-Hoc|Any CPU.ActiveCfg = Release|Any CPU
		{AAC54642-2990-4EA3-ADAF-F5F7B20E56E9}.Ad-Hoc|Any CPU.Build.0 = Release|Any CPU
		{AAC54642-2990-4EA3-ADAF-F5F7B20E56E9}.Ad-Hoc|Any CPU.Deploy.0 = Release|Any CPU
		{AAC54642-2990-4EA3-ADAF-F5F7B20E56E9}.Ad-Hoc|ARM.ActiveCfg = Release|Any CPU
		{AAC54642-2990-4EA3-ADAF-F5F7B20E56E9}.Ad-Hoc|ARM.Build.0 = Release|Any CPU
		{AAC54642-2990-4EA3-ADAF-F5F7B20E56E9}.Ad-Hoc|ARM.Deploy.0 = Release|Any CPU
		{AAC54642-2990-4EA3-ADAF-F5F7B20E56E9}.Ad-Hoc|iPhone.ActiveCfg = Release|Any CPU
		{AAC54642-2990-4EA3-ADAF-F5F7B20E56E9}.Ad-Hoc|iPhone.Build.0 = Release|Any CPU
		{AAC54642-2990-4EA3-ADAF-F5F7B20E56E9}.Ad-Hoc|iPhone.Deploy.0 = Release|Any CPU
		{AAC54642-2990-4EA3-ADAF-F5F7B20E56E9}.Ad-Hoc|iPhoneSimulator.ActiveCfg = Release|Any CPU
		{AAC54642-2990-4EA3-ADAF-F5F7B20E56E9}.Ad-Hoc|iPhoneSimulator.Build.0 = Release|Any CPU
		{AAC54642-2990-4EA3-ADAF-F5F7B20E56E9}.Ad-Hoc|iPhoneSimulator.Deploy.0 = Release|Any CPU
		{AAC54642-2990-4EA3-ADAF-F5F7B20E56E9}.Ad-Hoc|x64.ActiveCfg = Release|Any CPU
		{AAC54642-2990-4EA3-ADAF-F5F7B20E56E9}.Ad-Hoc|x64.Build.0 = Release|Any CPU
		{AAC54642-2990-4EA3-ADAF-F5F7B20E56E9}.Ad-Hoc|x64.Deploy.0 = Release|Any CPU
		{AAC54642-2990-4EA3-ADAF-F5F7B20E56E9}.Ad-Hoc|x86.ActiveCfg = Release|Any CPU
		{AAC54642-2990-4EA3-ADAF-F5F7B20E56E9}.Ad-Hoc|x86.Build.0 = Release|Any CPU
		{AAC54642-2990-4EA3-ADAF-F5F7B20E56E9}.Ad-Hoc|x86.Deploy.0 = Release|Any CPU
		{AAC54642-2990-4EA3-ADAF-F5F7B20E56E9}.AppStore|Any CPU.ActiveCfg = Release|Any CPU
		{AAC54642-2990-4EA3-ADAF-F5F7B20E56E9}.AppStore|Any CPU.Build.0 = Release|Any CPU
		{AAC54642-2990-4EA3-ADAF-F5F7B20E56E9}.AppStore|Any CPU.Deploy.0 = Release|Any CPU
		{AAC54642-2990-4EA3-ADAF-F5F7B20E56E9}.AppStore|ARM.ActiveCfg = Release|Any CPU
		{AAC54642-2990-4EA3-ADAF-F5F7B20E56E9}.AppStore|ARM.Build.0 = Release|Any CPU
		{AAC54642-2990-4EA3-ADAF-F5F7B20E56E9}.AppStore|ARM.Deploy.0 = Release|Any CPU
		{AAC54642-2990-4EA3-ADAF-F5F7B20E56E9}.AppStore|iPhone.ActiveCfg = Release|Any CPU
		{AAC54642-2990-4EA3-ADAF-F5F7B20E56E9}.AppStore|iPhone.Build.0 = Release|Any CPU
		{AAC54642-2990-4EA3-ADAF-F5F7B20E56E9}.AppStore|iPhone.Deploy.0 = Release|Any CPU
		{AAC54642-2990-4EA3-ADAF-F5F7B20E56E9}.AppStore|iPhoneSimulator.ActiveCfg = Release|Any CPU
		{AAC54642-2990-4EA3-ADAF-F5F7B20E56E9}.AppStore|iPhoneSimulator.Build.0 = Release|Any CPU
		{AAC54642-2990-4EA3-ADAF-F5F7B20E56E9}.AppStore|iPhoneSimulator.Deploy.0 = Release|Any CPU
		{AAC54642-2990-4EA3-ADAF-F5F7B20E56E9}.AppStore|x64.ActiveCfg = Release|Any CPU
		{AAC54642-2990-4EA3-ADAF-F5F7B20E56E9}.AppStore|x64.Build.0 = Release|Any CPU
		{AAC54642-2990-4EA3-ADAF-F5F7B20E56E9}.AppStore|x64.Deploy.0 = Release|Any CPU
		{AAC54642-2990-4EA3-ADAF-F5F7B20E56E9}.AppStore|x86.ActiveCfg = Release|Any CPU
		{AAC54642-2990-4EA3-ADAF-F5F7B20E56E9}.AppStore|x86.Build.0 = Release|Any CPU
		{AAC54642-2990-4EA3-ADAF-F5F7B20E56E9}.AppStore|x86.Deploy.0 = Release|Any CPU
		{AAC54642-2990-4EA3-ADAF-F5F7B20E56E9}.Debug|Any CPU.ActiveCfg = Debug|Any CPU
		{AAC54642-2990-4EA3-ADAF-F5F7B20E56E9}.Debug|Any CPU.Build.0 = Debug|Any CPU
		{AAC54642-2990-4EA3-ADAF-F5F7B20E56E9}.Debug|Any CPU.Deploy.0 = Debug|Any CPU
		{AAC54642-2990-4EA3-ADAF-F5F7B20E56E9}.Debug|ARM.ActiveCfg = Debug|Any CPU
		{AAC54642-2990-4EA3-ADAF-F5F7B20E56E9}.Debug|ARM.Build.0 = Debug|Any CPU
		{AAC54642-2990-4EA3-ADAF-F5F7B20E56E9}.Debug|ARM.Deploy.0 = Debug|Any CPU
		{AAC54642-2990-4EA3-ADAF-F5F7B20E56E9}.Debug|iPhone.ActiveCfg = Debug|Any CPU
		{AAC54642-2990-4EA3-ADAF-F5F7B20E56E9}.Debug|iPhone.Build.0 = Debug|Any CPU
		{AAC54642-2990-4EA3-ADAF-F5F7B20E56E9}.Debug|iPhone.Deploy.0 = Debug|Any CPU
		{AAC54642-2990-4EA3-ADAF-F5F7B20E56E9}.Debug|iPhoneSimulator.ActiveCfg = Debug|Any CPU
		{AAC54642-2990-4EA3-ADAF-F5F7B20E56E9}.Debug|iPhoneSimulator.Build.0 = Debug|Any CPU
		{AAC54642-2990-4EA3-ADAF-F5F7B20E56E9}.Debug|iPhoneSimulator.Deploy.0 = Debug|Any CPU
		{AAC54642-2990-4EA3-ADAF-F5F7B20E56E9}.Debug|x64.ActiveCfg = Debug|Any CPU
		{AAC54642-2990-4EA3-ADAF-F5F7B20E56E9}.Debug|x64.Build.0 = Debug|Any CPU
		{AAC54642-2990-4EA3-ADAF-F5F7B20E56E9}.Debug|x64.Deploy.0 = Debug|Any CPU
		{AAC54642-2990-4EA3-ADAF-F5F7B20E56E9}.Debug|x86.ActiveCfg = Debug|Any CPU
		{AAC54642-2990-4EA3-ADAF-F5F7B20E56E9}.Debug|x86.Build.0 = Debug|Any CPU
		{AAC54642-2990-4EA3-ADAF-F5F7B20E56E9}.Debug|x86.Deploy.0 = Debug|Any CPU
		{AAC54642-2990-4EA3-ADAF-F5F7B20E56E9}.Release|Any CPU.ActiveCfg = Release|Any CPU
		{AAC54642-2990-4EA3-ADAF-F5F7B20E56E9}.Release|Any CPU.Build.0 = Release|Any CPU
		{AAC54642-2990-4EA3-ADAF-F5F7B20E56E9}.Release|Any CPU.Deploy.0 = Release|Any CPU
		{AAC54642-2990-4EA3-ADAF-F5F7B20E56E9}.Release|ARM.ActiveCfg = Release|Any CPU
		{AAC54642-2990-4EA3-ADAF-F5F7B20E56E9}.Release|ARM.Build.0 = Release|Any CPU
		{AAC54642-2990-4EA3-ADAF-F5F7B20E56E9}.Release|ARM.Deploy.0 = Release|Any CPU
		{AAC54642-2990-4EA3-ADAF-F5F7B20E56E9}.Release|iPhone.ActiveCfg = Release|Any CPU
		{AAC54642-2990-4EA3-ADAF-F5F7B20E56E9}.Release|iPhone.Build.0 = Release|Any CPU
		{AAC54642-2990-4EA3-ADAF-F5F7B20E56E9}.Release|iPhone.Deploy.0 = Release|Any CPU
		{AAC54642-2990-4EA3-ADAF-F5F7B20E56E9}.Release|iPhoneSimulator.ActiveCfg = Release|Any CPU
		{AAC54642-2990-4EA3-ADAF-F5F7B20E56E9}.Release|iPhoneSimulator.Build.0 = Release|Any CPU
		{AAC54642-2990-4EA3-ADAF-F5F7B20E56E9}.Release|iPhoneSimulator.Deploy.0 = Release|Any CPU
		{AAC54642-2990-4EA3-ADAF-F5F7B20E56E9}.Release|x64.ActiveCfg = Release|Any CPU
		{AAC54642-2990-4EA3-ADAF-F5F7B20E56E9}.Release|x64.Build.0 = Release|Any CPU
		{AAC54642-2990-4EA3-ADAF-F5F7B20E56E9}.Release|x64.Deploy.0 = Release|Any CPU
		{AAC54642-2990-4EA3-ADAF-F5F7B20E56E9}.Release|x86.ActiveCfg = Release|Any CPU
		{AAC54642-2990-4EA3-ADAF-F5F7B20E56E9}.Release|x86.Build.0 = Release|Any CPU
		{AAC54642-2990-4EA3-ADAF-F5F7B20E56E9}.Release|x86.Deploy.0 = Release|Any CPU
		{4E3CE2C5-65AD-48D7-85B5-F69A9FD93DB1}.Ad-Hoc|Any CPU.ActiveCfg = Release|iPhone
		{4E3CE2C5-65AD-48D7-85B5-F69A9FD93DB1}.Ad-Hoc|Any CPU.Build.0 = Release|iPhone
		{4E3CE2C5-65AD-48D7-85B5-F69A9FD93DB1}.Ad-Hoc|ARM.ActiveCfg = Release|iPhone
		{4E3CE2C5-65AD-48D7-85B5-F69A9FD93DB1}.Ad-Hoc|ARM.Build.0 = Release|iPhone
		{4E3CE2C5-65AD-48D7-85B5-F69A9FD93DB1}.Ad-Hoc|iPhone.ActiveCfg = Release|iPhone
		{4E3CE2C5-65AD-48D7-85B5-F69A9FD93DB1}.Ad-Hoc|iPhone.Build.0 = Release|iPhone
		{4E3CE2C5-65AD-48D7-85B5-F69A9FD93DB1}.Ad-Hoc|iPhoneSimulator.ActiveCfg = Release|iPhoneSimulator
		{4E3CE2C5-65AD-48D7-85B5-F69A9FD93DB1}.Ad-Hoc|iPhoneSimulator.Build.0 = Release|iPhoneSimulator
		{4E3CE2C5-65AD-48D7-85B5-F69A9FD93DB1}.Ad-Hoc|x64.ActiveCfg = Release|iPhone
		{4E3CE2C5-65AD-48D7-85B5-F69A9FD93DB1}.Ad-Hoc|x64.Build.0 = Release|iPhone
		{4E3CE2C5-65AD-48D7-85B5-F69A9FD93DB1}.Ad-Hoc|x86.ActiveCfg = Release|iPhone
		{4E3CE2C5-65AD-48D7-85B5-F69A9FD93DB1}.Ad-Hoc|x86.Build.0 = Release|iPhone
		{4E3CE2C5-65AD-48D7-85B5-F69A9FD93DB1}.AppStore|Any CPU.ActiveCfg = Release|iPhone
		{4E3CE2C5-65AD-48D7-85B5-F69A9FD93DB1}.AppStore|Any CPU.Build.0 = Release|iPhone
		{4E3CE2C5-65AD-48D7-85B5-F69A9FD93DB1}.AppStore|ARM.ActiveCfg = Release|iPhone
		{4E3CE2C5-65AD-48D7-85B5-F69A9FD93DB1}.AppStore|ARM.Build.0 = Release|iPhone
		{4E3CE2C5-65AD-48D7-85B5-F69A9FD93DB1}.AppStore|iPhone.ActiveCfg = Release|iPhone
		{4E3CE2C5-65AD-48D7-85B5-F69A9FD93DB1}.AppStore|iPhone.Build.0 = Release|iPhone
		{4E3CE2C5-65AD-48D7-85B5-F69A9FD93DB1}.AppStore|iPhoneSimulator.ActiveCfg = Release|iPhoneSimulator
		{4E3CE2C5-65AD-48D7-85B5-F69A9FD93DB1}.AppStore|iPhoneSimulator.Build.0 = Release|iPhoneSimulator
		{4E3CE2C5-65AD-48D7-85B5-F69A9FD93DB1}.AppStore|x64.ActiveCfg = Release|iPhone
		{4E3CE2C5-65AD-48D7-85B5-F69A9FD93DB1}.AppStore|x64.Build.0 = Release|iPhone
		{4E3CE2C5-65AD-48D7-85B5-F69A9FD93DB1}.AppStore|x86.ActiveCfg = Release|iPhone
		{4E3CE2C5-65AD-48D7-85B5-F69A9FD93DB1}.AppStore|x86.Build.0 = Release|iPhone
		{4E3CE2C5-65AD-48D7-85B5-F69A9FD93DB1}.Debug|Any CPU.ActiveCfg = Debug|iPhone
		{4E3CE2C5-65AD-48D7-85B5-F69A9FD93DB1}.Debug|ARM.ActiveCfg = Debug|iPhone
		{4E3CE2C5-65AD-48D7-85B5-F69A9FD93DB1}.Debug|iPhone.ActiveCfg = Debug|iPhone
		{4E3CE2C5-65AD-48D7-85B5-F69A9FD93DB1}.Debug|iPhone.Build.0 = Debug|iPhone
		{4E3CE2C5-65AD-48D7-85B5-F69A9FD93DB1}.Debug|iPhoneSimulator.ActiveCfg = Debug|iPhoneSimulator
		{4E3CE2C5-65AD-48D7-85B5-F69A9FD93DB1}.Debug|iPhoneSimulator.Build.0 = Debug|iPhoneSimulator
		{4E3CE2C5-65AD-48D7-85B5-F69A9FD93DB1}.Debug|x64.ActiveCfg = Debug|iPhone
		{4E3CE2C5-65AD-48D7-85B5-F69A9FD93DB1}.Debug|x86.ActiveCfg = Debug|iPhone
		{4E3CE2C5-65AD-48D7-85B5-F69A9FD93DB1}.Release|Any CPU.ActiveCfg = Release|iPhone
		{4E3CE2C5-65AD-48D7-85B5-F69A9FD93DB1}.Release|ARM.ActiveCfg = Release|iPhone
		{4E3CE2C5-65AD-48D7-85B5-F69A9FD93DB1}.Release|iPhone.ActiveCfg = Release|iPhone
		{4E3CE2C5-65AD-48D7-85B5-F69A9FD93DB1}.Release|iPhone.Build.0 = Release|iPhone
		{4E3CE2C5-65AD-48D7-85B5-F69A9FD93DB1}.Release|iPhoneSimulator.ActiveCfg = Release|iPhoneSimulator
		{4E3CE2C5-65AD-48D7-85B5-F69A9FD93DB1}.Release|iPhoneSimulator.Build.0 = Release|iPhoneSimulator
		{4E3CE2C5-65AD-48D7-85B5-F69A9FD93DB1}.Release|x64.ActiveCfg = Release|iPhone
		{4E3CE2C5-65AD-48D7-85B5-F69A9FD93DB1}.Release|x86.ActiveCfg = Release|iPhone
		{B5D88880-B583-4B47-9015-7DC4078D4C5C}.Ad-Hoc|Any CPU.ActiveCfg = Release|x86
		{B5D88880-B583-4B47-9015-7DC4078D4C5C}.Ad-Hoc|Any CPU.Build.0 = Release|x86
		{B5D88880-B583-4B47-9015-7DC4078D4C5C}.Ad-Hoc|Any CPU.Deploy.0 = Release|x86
		{B5D88880-B583-4B47-9015-7DC4078D4C5C}.Ad-Hoc|ARM.ActiveCfg = Release|ARM
		{B5D88880-B583-4B47-9015-7DC4078D4C5C}.Ad-Hoc|ARM.Build.0 = Release|ARM
		{B5D88880-B583-4B47-9015-7DC4078D4C5C}.Ad-Hoc|ARM.Deploy.0 = Release|ARM
		{B5D88880-B583-4B47-9015-7DC4078D4C5C}.Ad-Hoc|iPhone.ActiveCfg = Release|x86
		{B5D88880-B583-4B47-9015-7DC4078D4C5C}.Ad-Hoc|iPhone.Build.0 = Release|x86
		{B5D88880-B583-4B47-9015-7DC4078D4C5C}.Ad-Hoc|iPhone.Deploy.0 = Release|x86
		{B5D88880-B583-4B47-9015-7DC4078D4C5C}.Ad-Hoc|iPhoneSimulator.ActiveCfg = Release|x86
		{B5D88880-B583-4B47-9015-7DC4078D4C5C}.Ad-Hoc|iPhoneSimulator.Build.0 = Release|x86
		{B5D88880-B583-4B47-9015-7DC4078D4C5C}.Ad-Hoc|iPhoneSimulator.Deploy.0 = Release|x86
		{B5D88880-B583-4B47-9015-7DC4078D4C5C}.Ad-Hoc|x64.ActiveCfg = Release|x64
		{B5D88880-B583-4B47-9015-7DC4078D4C5C}.Ad-Hoc|x64.Build.0 = Release|x64
		{B5D88880-B583-4B47-9015-7DC4078D4C5C}.Ad-Hoc|x64.Deploy.0 = Release|x64
		{B5D88880-B583-4B47-9015-7DC4078D4C5C}.Ad-Hoc|x86.ActiveCfg = Release|x86
		{B5D88880-B583-4B47-9015-7DC4078D4C5C}.Ad-Hoc|x86.Build.0 = Release|x86
		{B5D88880-B583-4B47-9015-7DC4078D4C5C}.Ad-Hoc|x86.Deploy.0 = Release|x86
		{B5D88880-B583-4B47-9015-7DC4078D4C5C}.AppStore|Any CPU.ActiveCfg = Release|x86
		{B5D88880-B583-4B47-9015-7DC4078D4C5C}.AppStore|Any CPU.Build.0 = Release|x86
		{B5D88880-B583-4B47-9015-7DC4078D4C5C}.AppStore|Any CPU.Deploy.0 = Release|x86
		{B5D88880-B583-4B47-9015-7DC4078D4C5C}.AppStore|ARM.ActiveCfg = Release|ARM
		{B5D88880-B583-4B47-9015-7DC4078D4C5C}.AppStore|ARM.Build.0 = Release|ARM
		{B5D88880-B583-4B47-9015-7DC4078D4C5C}.AppStore|ARM.Deploy.0 = Release|ARM
		{B5D88880-B583-4B47-9015-7DC4078D4C5C}.AppStore|iPhone.ActiveCfg = Release|x86
		{B5D88880-B583-4B47-9015-7DC4078D4C5C}.AppStore|iPhone.Build.0 = Release|x86
		{B5D88880-B583-4B47-9015-7DC4078D4C5C}.AppStore|iPhone.Deploy.0 = Release|x86
		{B5D88880-B583-4B47-9015-7DC4078D4C5C}.AppStore|iPhoneSimulator.ActiveCfg = Release|x86
		{B5D88880-B583-4B47-9015-7DC4078D4C5C}.AppStore|iPhoneSimulator.Build.0 = Release|x86
		{B5D88880-B583-4B47-9015-7DC4078D4C5C}.AppStore|iPhoneSimulator.Deploy.0 = Release|x86
		{B5D88880-B583-4B47-9015-7DC4078D4C5C}.AppStore|x64.ActiveCfg = Release|x64
		{B5D88880-B583-4B47-9015-7DC4078D4C5C}.AppStore|x64.Build.0 = Release|x64
		{B5D88880-B583-4B47-9015-7DC4078D4C5C}.AppStore|x64.Deploy.0 = Release|x64
		{B5D88880-B583-4B47-9015-7DC4078D4C5C}.AppStore|x86.ActiveCfg = Release|x86
		{B5D88880-B583-4B47-9015-7DC4078D4C5C}.AppStore|x86.Build.0 = Release|x86
		{B5D88880-B583-4B47-9015-7DC4078D4C5C}.AppStore|x86.Deploy.0 = Release|x86
		{B5D88880-B583-4B47-9015-7DC4078D4C5C}.Debug|Any CPU.ActiveCfg = Debug|x86
		{B5D88880-B583-4B47-9015-7DC4078D4C5C}.Debug|ARM.ActiveCfg = Debug|ARM
		{B5D88880-B583-4B47-9015-7DC4078D4C5C}.Debug|ARM.Build.0 = Debug|ARM
		{B5D88880-B583-4B47-9015-7DC4078D4C5C}.Debug|ARM.Deploy.0 = Debug|ARM
		{B5D88880-B583-4B47-9015-7DC4078D4C5C}.Debug|iPhone.ActiveCfg = Debug|x86
		{B5D88880-B583-4B47-9015-7DC4078D4C5C}.Debug|iPhoneSimulator.ActiveCfg = Debug|x86
		{B5D88880-B583-4B47-9015-7DC4078D4C5C}.Debug|x64.ActiveCfg = Debug|x64
		{B5D88880-B583-4B47-9015-7DC4078D4C5C}.Debug|x64.Build.0 = Debug|x64
		{B5D88880-B583-4B47-9015-7DC4078D4C5C}.Debug|x64.Deploy.0 = Debug|x64
		{B5D88880-B583-4B47-9015-7DC4078D4C5C}.Debug|x86.ActiveCfg = Debug|x86
		{B5D88880-B583-4B47-9015-7DC4078D4C5C}.Debug|x86.Build.0 = Debug|x86
		{B5D88880-B583-4B47-9015-7DC4078D4C5C}.Debug|x86.Deploy.0 = Debug|x86
		{B5D88880-B583-4B47-9015-7DC4078D4C5C}.Release|Any CPU.ActiveCfg = Release|x86
		{B5D88880-B583-4B47-9015-7DC4078D4C5C}.Release|ARM.ActiveCfg = Release|ARM
		{B5D88880-B583-4B47-9015-7DC4078D4C5C}.Release|ARM.Build.0 = Release|ARM
		{B5D88880-B583-4B47-9015-7DC4078D4C5C}.Release|ARM.Deploy.0 = Release|ARM
		{B5D88880-B583-4B47-9015-7DC4078D4C5C}.Release|iPhone.ActiveCfg = Release|x86
		{B5D88880-B583-4B47-9015-7DC4078D4C5C}.Release|iPhoneSimulator.ActiveCfg = Release|x86
		{B5D88880-B583-4B47-9015-7DC4078D4C5C}.Release|x64.ActiveCfg = Release|x64
		{B5D88880-B583-4B47-9015-7DC4078D4C5C}.Release|x64.Build.0 = Release|x64
		{B5D88880-B583-4B47-9015-7DC4078D4C5C}.Release|x64.Deploy.0 = Release|x64
		{B5D88880-B583-4B47-9015-7DC4078D4C5C}.Release|x86.ActiveCfg = Release|x86
		{B5D88880-B583-4B47-9015-7DC4078D4C5C}.Release|x86.Build.0 = Release|x86
		{B5D88880-B583-4B47-9015-7DC4078D4C5C}.Release|x86.Deploy.0 = Release|x86
		{0D6FB529-F7B2-433A-B7CC-956F28E77773}.Ad-Hoc|Any CPU.ActiveCfg = Debug|Any CPU
		{0D6FB529-F7B2-433A-B7CC-956F28E77773}.Ad-Hoc|Any CPU.Build.0 = Debug|Any CPU
		{0D6FB529-F7B2-433A-B7CC-956F28E77773}.Ad-Hoc|ARM.ActiveCfg = Debug|Any CPU
		{0D6FB529-F7B2-433A-B7CC-956F28E77773}.Ad-Hoc|ARM.Build.0 = Debug|Any CPU
		{0D6FB529-F7B2-433A-B7CC-956F28E77773}.Ad-Hoc|iPhone.ActiveCfg = Debug|Any CPU
		{0D6FB529-F7B2-433A-B7CC-956F28E77773}.Ad-Hoc|iPhone.Build.0 = Debug|Any CPU
		{0D6FB529-F7B2-433A-B7CC-956F28E77773}.Ad-Hoc|iPhoneSimulator.ActiveCfg = Debug|Any CPU
		{0D6FB529-F7B2-433A-B7CC-956F28E77773}.Ad-Hoc|iPhoneSimulator.Build.0 = Debug|Any CPU
		{0D6FB529-F7B2-433A-B7CC-956F28E77773}.Ad-Hoc|x64.ActiveCfg = Debug|Any CPU
		{0D6FB529-F7B2-433A-B7CC-956F28E77773}.Ad-Hoc|x64.Build.0 = Debug|Any CPU
		{0D6FB529-F7B2-433A-B7CC-956F28E77773}.Ad-Hoc|x86.ActiveCfg = Debug|Any CPU
		{0D6FB529-F7B2-433A-B7CC-956F28E77773}.Ad-Hoc|x86.Build.0 = Debug|Any CPU
		{0D6FB529-F7B2-433A-B7CC-956F28E77773}.AppStore|Any CPU.ActiveCfg = Debug|Any CPU
		{0D6FB529-F7B2-433A-B7CC-956F28E77773}.AppStore|Any CPU.Build.0 = Debug|Any CPU
		{0D6FB529-F7B2-433A-B7CC-956F28E77773}.AppStore|ARM.ActiveCfg = Debug|Any CPU
		{0D6FB529-F7B2-433A-B7CC-956F28E77773}.AppStore|ARM.Build.0 = Debug|Any CPU
		{0D6FB529-F7B2-433A-B7CC-956F28E77773}.AppStore|iPhone.ActiveCfg = Debug|Any CPU
		{0D6FB529-F7B2-433A-B7CC-956F28E77773}.AppStore|iPhone.Build.0 = Debug|Any CPU
		{0D6FB529-F7B2-433A-B7CC-956F28E77773}.AppStore|iPhoneSimulator.ActiveCfg = Debug|Any CPU
		{0D6FB529-F7B2-433A-B7CC-956F28E77773}.AppStore|iPhoneSimulator.Build.0 = Debug|Any CPU
		{0D6FB529-F7B2-433A-B7CC-956F28E77773}.AppStore|x64.ActiveCfg = Debug|Any CPU
		{0D6FB529-F7B2-433A-B7CC-956F28E77773}.AppStore|x64.Build.0 = Debug|Any CPU
		{0D6FB529-F7B2-433A-B7CC-956F28E77773}.AppStore|x86.ActiveCfg = Debug|Any CPU
		{0D6FB529-F7B2-433A-B7CC-956F28E77773}.AppStore|x86.Build.0 = Debug|Any CPU
		{0D6FB529-F7B2-433A-B7CC-956F28E77773}.Debug|Any CPU.ActiveCfg = Debug|Any CPU
		{0D6FB529-F7B2-433A-B7CC-956F28E77773}.Debug|Any CPU.Build.0 = Debug|Any CPU
		{0D6FB529-F7B2-433A-B7CC-956F28E77773}.Debug|ARM.ActiveCfg = Debug|Any CPU
		{0D6FB529-F7B2-433A-B7CC-956F28E77773}.Debug|ARM.Build.0 = Debug|Any CPU
		{0D6FB529-F7B2-433A-B7CC-956F28E77773}.Debug|iPhone.ActiveCfg = Debug|Any CPU
		{0D6FB529-F7B2-433A-B7CC-956F28E77773}.Debug|iPhone.Build.0 = Debug|Any CPU
		{0D6FB529-F7B2-433A-B7CC-956F28E77773}.Debug|iPhoneSimulator.ActiveCfg = Debug|Any CPU
		{0D6FB529-F7B2-433A-B7CC-956F28E77773}.Debug|iPhoneSimulator.Build.0 = Debug|Any CPU
		{0D6FB529-F7B2-433A-B7CC-956F28E77773}.Debug|x64.ActiveCfg = Debug|Any CPU
		{0D6FB529-F7B2-433A-B7CC-956F28E77773}.Debug|x64.Build.0 = Debug|Any CPU
		{0D6FB529-F7B2-433A-B7CC-956F28E77773}.Debug|x86.ActiveCfg = Debug|Any CPU
		{0D6FB529-F7B2-433A-B7CC-956F28E77773}.Debug|x86.Build.0 = Debug|Any CPU
		{0D6FB529-F7B2-433A-B7CC-956F28E77773}.Release|Any CPU.ActiveCfg = Release|Any CPU
		{0D6FB529-F7B2-433A-B7CC-956F28E77773}.Release|Any CPU.Build.0 = Release|Any CPU
		{0D6FB529-F7B2-433A-B7CC-956F28E77773}.Release|ARM.ActiveCfg = Release|Any CPU
		{0D6FB529-F7B2-433A-B7CC-956F28E77773}.Release|ARM.Build.0 = Release|Any CPU
		{0D6FB529-F7B2-433A-B7CC-956F28E77773}.Release|iPhone.ActiveCfg = Release|Any CPU
		{0D6FB529-F7B2-433A-B7CC-956F28E77773}.Release|iPhone.Build.0 = Release|Any CPU
		{0D6FB529-F7B2-433A-B7CC-956F28E77773}.Release|iPhoneSimulator.ActiveCfg = Release|Any CPU
		{0D6FB529-F7B2-433A-B7CC-956F28E77773}.Release|iPhoneSimulator.Build.0 = Release|Any CPU
		{0D6FB529-F7B2-433A-B7CC-956F28E77773}.Release|x64.ActiveCfg = Release|Any CPU
		{0D6FB529-F7B2-433A-B7CC-956F28E77773}.Release|x64.Build.0 = Release|Any CPU
		{0D6FB529-F7B2-433A-B7CC-956F28E77773}.Release|x86.ActiveCfg = Release|Any CPU
		{0D6FB529-F7B2-433A-B7CC-956F28E77773}.Release|x86.Build.0 = Release|Any CPU
	EndGlobalSection
	GlobalSection(SolutionProperties) = preSolution
		HideSolutionNode = FALSE
	EndGlobalSection
	GlobalSection(ExtensibilityGlobals) = postSolution
		SolutionGuid = {DE31C61C-F642-4C77-8F9C-2F48A57CE432}
	EndGlobalSection
EndGlobal
